PODS:
  - Alamofire (5.4.1)
  - ObjectMapper (4.2.0)
  - Realm (10.7.2):
    - Realm/Headers (= 10.7.2)
  - Realm/Headers (10.7.2)
  - RealmSwift (10.7.2):
    - Realm (= 10.7.2)

DEPENDENCIES:
  - Alamofire
  - ObjectMapper
  - RealmSwift

SPEC REPOS:
  trunk:
    - Alamofire
    - ObjectMapper
    - Realm
    - RealmSwift

SPEC CHECKSUMS:
  Alamofire: 2291f7d21ca607c491dd17642e5d40fdcda0e65c
  ObjectMapper: 1eb41f610210777375fa806bf161dc39fb832b81
  Realm: e523da9ade306c5ae87e85dc09fdef148d3e1cc1
  RealmSwift: 4f6758c3adbdcc87f7b7777107226532a077f61c

PODFILE CHECKSUM: ce37a7600e2fb2ece4682e39b3d5e00b60f2809d

COCOAPODS: 1.10.1
